// !$*UTF8*$!
{
	archiveVersion = 1;
	classes = {
	};
	objectVersion = 51;
	objects = {

/* Begin PBXBuildFile section */
		6B0772CF250223AA00BB9B8A /* LoadViewController.swift in Sources */ = {isa = PBXBuildFile; fileRef = 6B0772CE250223AA00BB9B8A /* LoadViewController.swift */; };
		6B14445825261EBC009D6EC6 /* Photo.swift in Sources */ = {isa = PBXBuildFile; fileRef = 6B14445725261EBC009D6EC6 /* Photo.swift */; };
		6B14445B25261FE3009D6EC6 /* Sizes.swift in Sources */ = {isa = PBXBuildFile; fileRef = 6B14445A25261FE3009D6EC6 /* Sizes.swift */; };
		6B37E98F24FD07AC00A371EC /* MyFriendsController+UISearchController.swift in Sources */ = {isa = PBXBuildFile; fileRef = 6B37E98E24FD07AC00A371EC /* MyFriendsController+UISearchController.swift */; };
		6B37E99524FD260B00A371EC /* MyGroupsController+UISearchController.swift in Sources */ = {isa = PBXBuildFile; fileRef = 6B37E99424FD260B00A371EC /* MyGroupsController+UISearchController.swift */; };
		6B37E99824FD379300A371EC /* NewsViewController.swift in Sources */ = {isa = PBXBuildFile; fileRef = 6B37E99724FD379300A371EC /* NewsViewController.swift */; };
		6B37E99C24FD396600A371EC /* NewsCell.swift in Sources */ = {isa = PBXBuildFile; fileRef = 6B37E99B24FD396600A371EC /* NewsCell.swift */; };
		6B4054CD24D63B0E00AAEC22 /* MyFriendsController.swift in Sources */ = {isa = PBXBuildFile; fileRef = 6B4054CC24D63B0E00AAEC22 /* MyFriendsController.swift */; };
		6B4054CF24D63B2900AAEC22 /* MyFriendsCell.swift in Sources */ = {isa = PBXBuildFile; fileRef = 6B4054CE24D63B2900AAEC22 /* MyFriendsCell.swift */; };
		6B4054D124D63B6E00AAEC22 /* DetailFriendController.swift in Sources */ = {isa = PBXBuildFile; fileRef = 6B4054D024D63B6E00AAEC22 /* DetailFriendController.swift */; };
		6B4054D324D63B8700AAEC22 /* DetailFriendCell.swift in Sources */ = {isa = PBXBuildFile; fileRef = 6B4054D224D63B8700AAEC22 /* DetailFriendCell.swift */; };
		6B4054D524D63BD900AAEC22 /* MyGroupsController.swift in Sources */ = {isa = PBXBuildFile; fileRef = 6B4054D424D63BD900AAEC22 /* MyGroupsController.swift */; };
		6B4054D724D63BEE00AAEC22 /* MyGroupsCell.swift in Sources */ = {isa = PBXBuildFile; fileRef = 6B4054D624D63BEE00AAEC22 /* MyGroupsCell.swift */; };
		6B4054D924D63C0F00AAEC22 /* AvailableGroupsController.swift in Sources */ = {isa = PBXBuildFile; fileRef = 6B4054D824D63C0F00AAEC22 /* AvailableGroupsController.swift */; };
		6B4054DB24D63C2300AAEC22 /* AvailableGroupsCell.swift in Sources */ = {isa = PBXBuildFile; fileRef = 6B4054DA24D63C2300AAEC22 /* AvailableGroupsCell.swift */; };
		6B5145ED250F598B00A752A1 /* PopAnimator.swift in Sources */ = {isa = PBXBuildFile; fileRef = 6B5145EC250F598B00A752A1 /* PopAnimator.swift */; };
		6B5145EF250F59B500A752A1 /* PushAnimator.swift in Sources */ = {isa = PBXBuildFile; fileRef = 6B5145EE250F59B500A752A1 /* PushAnimator.swift */; };
		6B5145F1250F59F500A752A1 /* CustomNavigationController.swift in Sources */ = {isa = PBXBuildFile; fileRef = 6B5145F0250F59F500A752A1 /* CustomNavigationController.swift */; };
		6B5145F3250F5E1C00A752A1 /* CustomInteractiveTransition.swift in Sources */ = {isa = PBXBuildFile; fileRef = 6B5145F2250F5E1C00A752A1 /* CustomInteractiveTransition.swift */; };
		6B5154A7251A074F00E60EB7 /* Session.swift in Sources */ = {isa = PBXBuildFile; fileRef = 6B5154A6251A074F00E60EB7 /* Session.swift */; };
		6B56660C255819610022FDF1 /* RealmManager.swift in Sources */ = {isa = PBXBuildFile; fileRef = 6B56660B255819610022FDF1 /* RealmManager.swift */; };
		6B56660F255819F30022FDF1 /* FirebaseManager.swift in Sources */ = {isa = PBXBuildFile; fileRef = 6B56660E255819F30022FDF1 /* FirebaseManager.swift */; };
		6B56661525581B030022FDF1 /* News.swift in Sources */ = {isa = PBXBuildFile; fileRef = 6B56661425581B030022FDF1 /* News.swift */; };
		6B56661925581E7A0022FDF1 /* DateFormatterVK.swift in Sources */ = {isa = PBXBuildFile; fileRef = 6B56661825581E7A0022FDF1 /* DateFormatterVK.swift */; };
		6B57811F25061FA4005F887C /* PageViewController.swift in Sources */ = {isa = PBXBuildFile; fileRef = 6B57811E25061FA4005F887C /* PageViewController.swift */; };
		6B5781212506200D005F887C /* ImagesFriendController.swift in Sources */ = {isa = PBXBuildFile; fileRef = 6B5781202506200D005F887C /* ImagesFriendController.swift */; };
		6B6445E724EFFEFB007F7505 /* RadiusView.swift in Sources */ = {isa = PBXBuildFile; fileRef = 6B6445E624EFFEFB007F7505 /* RadiusView.swift */; };
		6B6CDC8625255F46006DCDC5 /* Items.swift in Sources */ = {isa = PBXBuildFile; fileRef = 6B6CDC8225255F46006DCDC5 /* Items.swift */; };
		6B6CDC8725255F46006DCDC5 /* User.swift in Sources */ = {isa = PBXBuildFile; fileRef = 6B6CDC8325255F46006DCDC5 /* User.swift */; };
		6B6CDC8825255F46006DCDC5 /* Response.swift in Sources */ = {isa = PBXBuildFile; fileRef = 6B6CDC8425255F46006DCDC5 /* Response.swift */; };
		6B6CDC8925255F46006DCDC5 /* Group.swift in Sources */ = {isa = PBXBuildFile; fileRef = 6B6CDC8525255F46006DCDC5 /* Group.swift */; };
		6B6CDC8D25255F5D006DCDC5 /* NetworkManager.swift in Sources */ = {isa = PBXBuildFile; fileRef = 6B6CDC8C25255F5D006DCDC5 /* NetworkManager.swift */; };
		6B8D261C25582D9200010130 /* GoogleService-Info.plist in Resources */ = {isa = PBXBuildFile; fileRef = 6B8D261B25582D9200010130 /* GoogleService-Info.plist */; };
		6B978B5D24D17F290073AA20 /* AppDelegate.swift in Sources */ = {isa = PBXBuildFile; fileRef = 6B978B5C24D17F290073AA20 /* AppDelegate.swift */; };
		6B978B5F24D17F290073AA20 /* SceneDelegate.swift in Sources */ = {isa = PBXBuildFile; fileRef = 6B978B5E24D17F290073AA20 /* SceneDelegate.swift */; };
		6B978B6424D17F290073AA20 /* Main.storyboard in Resources */ = {isa = PBXBuildFile; fileRef = 6B978B6224D17F290073AA20 /* Main.storyboard */; };
		6B978B6624D17F2A0073AA20 /* Assets.xcassets in Resources */ = {isa = PBXBuildFile; fileRef = 6B978B6524D17F2A0073AA20 /* Assets.xcassets */; };
		6B978B6924D17F2A0073AA20 /* LaunchScreen.storyboard in Resources */ = {isa = PBXBuildFile; fileRef = 6B978B6724D17F2A0073AA20 /* LaunchScreen.storyboard */; };
		6BB1F87424F010B400B19E30 /* LikeControl.swift in Sources */ = {isa = PBXBuildFile; fileRef = 6BB1F87324F010B400B19E30 /* LikeControl.swift */; };
		6BB355152525FC6D00C83F11 /* AvailableGroupsController+UISearchController.swift in Sources */ = {isa = PBXBuildFile; fileRef = 6BB355142525FC6D00C83F11 /* AvailableGroupsController+UISearchController.swift */; };
		6BDAA80024EFD2EF0013360C /* ShadowView.swift in Sources */ = {isa = PBXBuildFile; fileRef = 6BDAA7FF24EFD2EF0013360C /* ShadowView.swift */; };
		6BF6CB9D251F1DEB00D60DEC /* AuthorizationWebViewController.swift in Sources */ = {isa = PBXBuildFile; fileRef = 6BF6CB9C251F1DEB00D60DEC /* AuthorizationWebViewController.swift */; };
		6BF6CBA4251F334100D60DEC /* NetworkConstants.swift in Sources */ = {isa = PBXBuildFile; fileRef = 6BF6CBA3251F334100D60DEC /* NetworkConstants.swift */; };
		814550748A026AF73D54D849 /* Pods_VK_Client.framework in Frameworks */ = {isa = PBXBuildFile; fileRef = 74E294EEA6DB79288B182A8E /* Pods_VK_Client.framework */; };
/* End PBXBuildFile section */

/* Begin PBXFileReference section */
		2B5F0222DA9186F00BCE7904 /* Pods-VK Client.debug.xcconfig */ = {isa = PBXFileReference; includeInIndex = 1; lastKnownFileType = text.xcconfig; name = "Pods-VK Client.debug.xcconfig"; path = "Target Support Files/Pods-VK Client/Pods-VK Client.debug.xcconfig"; sourceTree = "<group>"; };
		6B0772CE250223AA00BB9B8A /* LoadViewController.swift */ = {isa = PBXFileReference; lastKnownFileType = sourcecode.swift; path = LoadViewController.swift; sourceTree = "<group>"; };
		6B14445725261EBC009D6EC6 /* Photo.swift */ = {isa = PBXFileReference; lastKnownFileType = sourcecode.swift; path = Photo.swift; sourceTree = "<group>"; };
		6B14445A25261FE3009D6EC6 /* Sizes.swift */ = {isa = PBXFileReference; lastKnownFileType = sourcecode.swift; path = Sizes.swift; sourceTree = "<group>"; };
		6B37E98E24FD07AC00A371EC /* MyFriendsController+UISearchController.swift */ = {isa = PBXFileReference; lastKnownFileType = sourcecode.swift; path = "MyFriendsController+UISearchController.swift"; sourceTree = "<group>"; };
		6B37E99424FD260B00A371EC /* MyGroupsController+UISearchController.swift */ = {isa = PBXFileReference; lastKnownFileType = sourcecode.swift; path = "MyGroupsController+UISearchController.swift"; sourceTree = "<group>"; };
		6B37E99724FD379300A371EC /* NewsViewController.swift */ = {isa = PBXFileReference; lastKnownFileType = sourcecode.swift; path = NewsViewController.swift; sourceTree = "<group>"; };
		6B37E99B24FD396600A371EC /* NewsCell.swift */ = {isa = PBXFileReference; lastKnownFileType = sourcecode.swift; path = NewsCell.swift; sourceTree = "<group>"; };
		6B4054CC24D63B0E00AAEC22 /* MyFriendsController.swift */ = {isa = PBXFileReference; lastKnownFileType = sourcecode.swift; path = MyFriendsController.swift; sourceTree = "<group>"; };
		6B4054CE24D63B2900AAEC22 /* MyFriendsCell.swift */ = {isa = PBXFileReference; lastKnownFileType = sourcecode.swift; path = MyFriendsCell.swift; sourceTree = "<group>"; };
		6B4054D024D63B6E00AAEC22 /* DetailFriendController.swift */ = {isa = PBXFileReference; lastKnownFileType = sourcecode.swift; path = DetailFriendController.swift; sourceTree = "<group>"; };
		6B4054D224D63B8700AAEC22 /* DetailFriendCell.swift */ = {isa = PBXFileReference; lastKnownFileType = sourcecode.swift; path = DetailFriendCell.swift; sourceTree = "<group>"; };
		6B4054D424D63BD900AAEC22 /* MyGroupsController.swift */ = {isa = PBXFileReference; lastKnownFileType = sourcecode.swift; path = MyGroupsController.swift; sourceTree = "<group>"; };
		6B4054D624D63BEE00AAEC22 /* MyGroupsCell.swift */ = {isa = PBXFileReference; lastKnownFileType = sourcecode.swift; path = MyGroupsCell.swift; sourceTree = "<group>"; };
		6B4054D824D63C0F00AAEC22 /* AvailableGroupsController.swift */ = {isa = PBXFileReference; lastKnownFileType = sourcecode.swift; path = AvailableGroupsController.swift; sourceTree = "<group>"; };
		6B4054DA24D63C2300AAEC22 /* AvailableGroupsCell.swift */ = {isa = PBXFileReference; lastKnownFileType = sourcecode.swift; path = AvailableGroupsCell.swift; sourceTree = "<group>"; };
		6B5145EC250F598B00A752A1 /* PopAnimator.swift */ = {isa = PBXFileReference; lastKnownFileType = sourcecode.swift; path = PopAnimator.swift; sourceTree = "<group>"; };
		6B5145EE250F59B500A752A1 /* PushAnimator.swift */ = {isa = PBXFileReference; lastKnownFileType = sourcecode.swift; path = PushAnimator.swift; sourceTree = "<group>"; };
		6B5145F0250F59F500A752A1 /* CustomNavigationController.swift */ = {isa = PBXFileReference; lastKnownFileType = sourcecode.swift; path = CustomNavigationController.swift; sourceTree = "<group>"; };
		6B5145F2250F5E1C00A752A1 /* CustomInteractiveTransition.swift */ = {isa = PBXFileReference; lastKnownFileType = sourcecode.swift; path = CustomInteractiveTransition.swift; sourceTree = "<group>"; };
		6B5154A6251A074F00E60EB7 /* Session.swift */ = {isa = PBXFileReference; lastKnownFileType = sourcecode.swift; path = Session.swift; sourceTree = "<group>"; };
		6B56660B255819610022FDF1 /* RealmManager.swift */ = {isa = PBXFileReference; lastKnownFileType = sourcecode.swift; path = RealmManager.swift; sourceTree = "<group>"; };
		6B56660E255819F30022FDF1 /* FirebaseManager.swift */ = {isa = PBXFileReference; fileEncoding = 4; lastKnownFileType = sourcecode.swift; path = FirebaseManager.swift; sourceTree = "<group>"; };
		6B56661425581B030022FDF1 /* News.swift */ = {isa = PBXFileReference; lastKnownFileType = sourcecode.swift; path = News.swift; sourceTree = "<group>"; };
		6B56661825581E7A0022FDF1 /* DateFormatterVK.swift */ = {isa = PBXFileReference; lastKnownFileType = sourcecode.swift; path = DateFormatterVK.swift; sourceTree = "<group>"; };
		6B57811E25061FA4005F887C /* PageViewController.swift */ = {isa = PBXFileReference; lastKnownFileType = sourcecode.swift; path = PageViewController.swift; sourceTree = "<group>"; };
		6B5781202506200D005F887C /* ImagesFriendController.swift */ = {isa = PBXFileReference; lastKnownFileType = sourcecode.swift; path = ImagesFriendController.swift; sourceTree = "<group>"; };
		6B6445E624EFFEFB007F7505 /* RadiusView.swift */ = {isa = PBXFileReference; lastKnownFileType = sourcecode.swift; path = RadiusView.swift; sourceTree = "<group>"; };
		6B6CDC8225255F46006DCDC5 /* Items.swift */ = {isa = PBXFileReference; fileEncoding = 4; lastKnownFileType = sourcecode.swift; path = Items.swift; sourceTree = "<group>"; };
		6B6CDC8325255F46006DCDC5 /* User.swift */ = {isa = PBXFileReference; fileEncoding = 4; lastKnownFileType = sourcecode.swift; path = User.swift; sourceTree = "<group>"; };
		6B6CDC8425255F46006DCDC5 /* Response.swift */ = {isa = PBXFileReference; fileEncoding = 4; lastKnownFileType = sourcecode.swift; path = Response.swift; sourceTree = "<group>"; };
		6B6CDC8525255F46006DCDC5 /* Group.swift */ = {isa = PBXFileReference; fileEncoding = 4; lastKnownFileType = sourcecode.swift; path = Group.swift; sourceTree = "<group>"; };
		6B6CDC8C25255F5D006DCDC5 /* NetworkManager.swift */ = {isa = PBXFileReference; fileEncoding = 4; lastKnownFileType = sourcecode.swift; path = NetworkManager.swift; sourceTree = "<group>"; };
		6B8D261B25582D9200010130 /* GoogleService-Info.plist */ = {isa = PBXFileReference; fileEncoding = 4; lastKnownFileType = text.plist.xml; path = "GoogleService-Info.plist"; sourceTree = "<group>"; };
		6B978B5924D17F290073AA20 /* VK Client.app */ = {isa = PBXFileReference; explicitFileType = wrapper.application; includeInIndex = 0; path = "VK Client.app"; sourceTree = BUILT_PRODUCTS_DIR; };
		6B978B5C24D17F290073AA20 /* AppDelegate.swift */ = {isa = PBXFileReference; lastKnownFileType = sourcecode.swift; path = AppDelegate.swift; sourceTree = "<group>"; };
		6B978B5E24D17F290073AA20 /* SceneDelegate.swift */ = {isa = PBXFileReference; lastKnownFileType = sourcecode.swift; path = SceneDelegate.swift; sourceTree = "<group>"; };
		6B978B6324D17F290073AA20 /* Base */ = {isa = PBXFileReference; lastKnownFileType = file.storyboard; name = Base; path = Base.lproj/Main.storyboard; sourceTree = "<group>"; };
		6B978B6524D17F2A0073AA20 /* Assets.xcassets */ = {isa = PBXFileReference; lastKnownFileType = folder.assetcatalog; path = Assets.xcassets; sourceTree = "<group>"; };
		6B978B6824D17F2A0073AA20 /* Base */ = {isa = PBXFileReference; lastKnownFileType = file.storyboard; name = Base; path = Base.lproj/LaunchScreen.storyboard; sourceTree = "<group>"; };
		6B978B6A24D17F2A0073AA20 /* Info.plist */ = {isa = PBXFileReference; lastKnownFileType = text.plist.xml; path = Info.plist; sourceTree = "<group>"; };
		6BB1F87324F010B400B19E30 /* LikeControl.swift */ = {isa = PBXFileReference; lastKnownFileType = sourcecode.swift; path = LikeControl.swift; sourceTree = "<group>"; };
		6BB355142525FC6D00C83F11 /* AvailableGroupsController+UISearchController.swift */ = {isa = PBXFileReference; lastKnownFileType = sourcecode.swift; path = "AvailableGroupsController+UISearchController.swift"; sourceTree = "<group>"; };
		6BDAA7FF24EFD2EF0013360C /* ShadowView.swift */ = {isa = PBXFileReference; lastKnownFileType = sourcecode.swift; path = ShadowView.swift; sourceTree = "<group>"; };
		6BF6CB9C251F1DEB00D60DEC /* AuthorizationWebViewController.swift */ = {isa = PBXFileReference; lastKnownFileType = sourcecode.swift; path = AuthorizationWebViewController.swift; sourceTree = "<group>"; };
		6BF6CBA3251F334100D60DEC /* NetworkConstants.swift */ = {isa = PBXFileReference; lastKnownFileType = sourcecode.swift; path = NetworkConstants.swift; sourceTree = "<group>"; };
		74E294EEA6DB79288B182A8E /* Pods_VK_Client.framework */ = {isa = PBXFileReference; explicitFileType = wrapper.framework; includeInIndex = 0; path = Pods_VK_Client.framework; sourceTree = BUILT_PRODUCTS_DIR; };
		C340EC527943D8049303574C /* Pods-VK Client.release.xcconfig */ = {isa = PBXFileReference; includeInIndex = 1; lastKnownFileType = text.xcconfig; name = "Pods-VK Client.release.xcconfig"; path = "Target Support Files/Pods-VK Client/Pods-VK Client.release.xcconfig"; sourceTree = "<group>"; };
/* End PBXFileReference section */

/* Begin PBXFrameworksBuildPhase section */
		6B978B5624D17F290073AA20 /* Frameworks */ = {
			isa = PBXFrameworksBuildPhase;
			buildActionMask = 2147483647;
			files = (
				814550748A026AF73D54D849 /* Pods_VK_Client.framework in Frameworks */,
			);
			runOnlyForDeploymentPostprocessing = 0;
		};
/* End PBXFrameworksBuildPhase section */

/* Begin PBXGroup section */
		6B37E99624FD377800A371EC /* News */ = {
			isa = PBXGroup;
			children = (
				6B5154A1251A05BC00E60EB7 /* Controller */,
				6B5154A3251A05C100E60EB7 /* View */,
			);
			path = News;
			sourceTree = "<group>";
		};
		6B37E99D24FD3FE300A371EC /* CustomUI-Components */ = {
			isa = PBXGroup;
			children = (
				6BB1F87324F010B400B19E30 /* LikeControl.swift */,
				6BDAA7FF24EFD2EF0013360C /* ShadowView.swift */,
				6B6445E624EFFEFB007F7505 /* RadiusView.swift */,
			);
			path = "CustomUI-Components";
			sourceTree = "<group>";
		};
		6B4054C824D63A6B00AAEC22 /* DetailFriend */ = {
			isa = PBXGroup;
			children = (
				6B515486251A03EE00E60EB7 /* Controller */,
				6B515488251A03F600E60EB7 /* View */,
			);
			path = DetailFriend;
			sourceTree = "<group>";
		};
		6B4054C924D63A9500AAEC22 /* MyFriends */ = {
			isa = PBXGroup;
			children = (
				6B515482251A03B100E60EB7 /* Controller */,
				6B515484251A03B800E60EB7 /* View */,
			);
			path = MyFriends;
			sourceTree = "<group>";
		};
		6B4054CA24D63AA500AAEC22 /* MyGroups */ = {
			isa = PBXGroup;
			children = (
				6B515499251A058000E60EB7 /* Controller */,
				6B51549B251A058700E60EB7 /* View */,
			);
			path = MyGroups;
			sourceTree = "<group>";
		};
		6B4054CB24D63AC200AAEC22 /* AvailableGroups */ = {
			isa = PBXGroup;
			children = (
				6B51549D251A05A100E60EB7 /* Controller */,
				6B51549F251A05A700E60EB7 /* View */,
			);
			path = AvailableGroups;
			sourceTree = "<group>";
		};
		6B5145EB250F585500A752A1 /* CustomTransition */ = {
			isa = PBXGroup;
			children = (
				6B5145EC250F598B00A752A1 /* PopAnimator.swift */,
				6B5145EE250F59B500A752A1 /* PushAnimator.swift */,
				6B5145F0250F59F500A752A1 /* CustomNavigationController.swift */,
				6B5145F2250F5E1C00A752A1 /* CustomInteractiveTransition.swift */,
			);
			path = CustomTransition;
			sourceTree = "<group>";
		};
		6B515470251A017800E60EB7 /* Application */ = {
			isa = PBXGroup;
			children = (
				6B764E132525032500208595 /* Model */,
				6B515474251A01A500E60EB7 /* View */,
				6B515471251A019100E60EB7 /* Controller */,
				6B5154A5251A073800E60EB7 /* Network */,
				6B51547A251A02A800E60EB7 /* Service */,
			);
			path = Application;
			sourceTree = "<group>";
		};
		6B515471251A019100E60EB7 /* Controller */ = {
			isa = PBXGroup;
			children = (
				6B978B5C24D17F290073AA20 /* AppDelegate.swift */,
			);
			path = Controller;
			sourceTree = "<group>";
		};
		6B515474251A01A500E60EB7 /* View */ = {
			isa = PBXGroup;
			children = (
				6B978B6224D17F290073AA20 /* Main.storyboard */,
				6B978B6724D17F2A0073AA20 /* LaunchScreen.storyboard */,
			);
			path = View;
			sourceTree = "<group>";
		};
		6B51547A251A02A800E60EB7 /* Service */ = {
			isa = PBXGroup;
			children = (
				6B8D261F25582EF500010130 /* Helpers */,
				6B37E99D24FD3FE300A371EC /* CustomUI-Components */,
				6B5145EB250F585500A752A1 /* CustomTransition */,
			);
			path = Service;
			sourceTree = "<group>";
		};
		6B515482251A03B100E60EB7 /* Controller */ = {
			isa = PBXGroup;
			children = (
				6B4054CC24D63B0E00AAEC22 /* MyFriendsController.swift */,
				6B37E98E24FD07AC00A371EC /* MyFriendsController+UISearchController.swift */,
			);
			path = Controller;
			sourceTree = "<group>";
		};
		6B515484251A03B800E60EB7 /* View */ = {
			isa = PBXGroup;
			children = (
				6B4054CE24D63B2900AAEC22 /* MyFriendsCell.swift */,
			);
			path = View;
			sourceTree = "<group>";
		};
		6B515486251A03EE00E60EB7 /* Controller */ = {
			isa = PBXGroup;
			children = (
				6B4054D024D63B6E00AAEC22 /* DetailFriendController.swift */,
			);
			path = Controller;
			sourceTree = "<group>";
		};
		6B515488251A03F600E60EB7 /* View */ = {
			isa = PBXGroup;
			children = (
				6B4054D224D63B8700AAEC22 /* DetailFriendCell.swift */,
			);
			path = View;
			sourceTree = "<group>";
		};
		6B51548A251A043A00E60EB7 /* Friends */ = {
			isa = PBXGroup;
			children = (
				6B4054C924D63A9500AAEC22 /* MyFriends */,
				6B4054C824D63A6B00AAEC22 /* DetailFriend */,
				6B5781132506015D005F887C /* ImagesFriends */,
			);
			path = Friends;
			sourceTree = "<group>";
		};
		6B51548F251A051700E60EB7 /* Controller */ = {
			isa = PBXGroup;
			children = (
				6B5781202506200D005F887C /* ImagesFriendController.swift */,
			);
			path = Controller;
			sourceTree = "<group>";
		};
		6B515491251A051D00E60EB7 /* View */ = {
			isa = PBXGroup;
			children = (
				6B57811E25061FA4005F887C /* PageViewController.swift */,
			);
			path = View;
			sourceTree = "<group>";
		};
		6B515495251A055A00E60EB7 /* Groups */ = {
			isa = PBXGroup;
			children = (
				6B4054CA24D63AA500AAEC22 /* MyGroups */,
				6B4054CB24D63AC200AAEC22 /* AvailableGroups */,
			);
			path = Groups;
			sourceTree = "<group>";
		};
		6B515499251A058000E60EB7 /* Controller */ = {
			isa = PBXGroup;
			children = (
				6B4054D424D63BD900AAEC22 /* MyGroupsController.swift */,
				6B37E99424FD260B00A371EC /* MyGroupsController+UISearchController.swift */,
			);
			path = Controller;
			sourceTree = "<group>";
		};
		6B51549B251A058700E60EB7 /* View */ = {
			isa = PBXGroup;
			children = (
				6B4054D624D63BEE00AAEC22 /* MyGroupsCell.swift */,
			);
			path = View;
			sourceTree = "<group>";
		};
		6B51549D251A05A100E60EB7 /* Controller */ = {
			isa = PBXGroup;
			children = (
				6B4054D824D63C0F00AAEC22 /* AvailableGroupsController.swift */,
				6BB355142525FC6D00C83F11 /* AvailableGroupsController+UISearchController.swift */,
			);
			path = Controller;
			sourceTree = "<group>";
		};
		6B51549F251A05A700E60EB7 /* View */ = {
			isa = PBXGroup;
			children = (
				6B4054DA24D63C2300AAEC22 /* AvailableGroupsCell.swift */,
			);
			path = View;
			sourceTree = "<group>";
		};
		6B5154A1251A05BC00E60EB7 /* Controller */ = {
			isa = PBXGroup;
			children = (
				6B37E99724FD379300A371EC /* NewsViewController.swift */,
			);
			path = Controller;
			sourceTree = "<group>";
		};
		6B5154A3251A05C100E60EB7 /* View */ = {
			isa = PBXGroup;
			children = (
				6B37E99B24FD396600A371EC /* NewsCell.swift */,
			);
			path = View;
			sourceTree = "<group>";
		};
		6B5154A5251A073800E60EB7 /* Network */ = {
			isa = PBXGroup;
			children = (
				6B5154A6251A074F00E60EB7 /* Session.swift */,
				6B56660E255819F30022FDF1 /* FirebaseManager.swift */,
				6BF6CBA3251F334100D60DEC /* NetworkConstants.swift */,
				6B6CDC8C25255F5D006DCDC5 /* NetworkManager.swift */,
				6B56660B255819610022FDF1 /* RealmManager.swift */,
			);
			path = Network;
			sourceTree = "<group>";
		};
		6B5781132506015D005F887C /* ImagesFriends */ = {
			isa = PBXGroup;
			children = (
				6B51548F251A051700E60EB7 /* Controller */,
				6B515491251A051D00E60EB7 /* View */,
			);
			path = ImagesFriends;
			sourceTree = "<group>";
		};
		6B68F98C24EFA4D600370BE3 /* SupportingFiles */ = {
			isa = PBXGroup;
			children = (
				6B978B5E24D17F290073AA20 /* SceneDelegate.swift */,
				6B978B6524D17F2A0073AA20 /* Assets.xcassets */,
				6B8D261B25582D9200010130 /* GoogleService-Info.plist */,
				6B978B6A24D17F2A0073AA20 /* Info.plist */,
			);
			path = SupportingFiles;
			sourceTree = "<group>";
		};
		6B764E132525032500208595 /* Model */ = {
			isa = PBXGroup;
			children = (
				6B6CDC8325255F46006DCDC5 /* User.swift */,
				6B14445725261EBC009D6EC6 /* Photo.swift */,
				6B6CDC8525255F46006DCDC5 /* Group.swift */,
				6B14445A25261FE3009D6EC6 /* Sizes.swift */,
				6B6CDC8225255F46006DCDC5 /* Items.swift */,
				6B6CDC8425255F46006DCDC5 /* Response.swift */,
				6B56661425581B030022FDF1 /* News.swift */,
			);
			path = Model;
			sourceTree = "<group>";
		};
		6B8D261F25582EF500010130 /* Helpers */ = {
			isa = PBXGroup;
			children = (
				6B56661825581E7A0022FDF1 /* DateFormatterVK.swift */,
			);
			path = Helpers;
			sourceTree = "<group>";
		};
		6B978B5024D17F290073AA20 = {
			isa = PBXGroup;
			children = (
				6B978B5B24D17F290073AA20 /* VK Client */,
				6B978B5A24D17F290073AA20 /* Products */,
				F23D7AC81EE619BD125C0019 /* Pods */,
				F63F22CA705E9366203B9836 /* Frameworks */,
			);
			sourceTree = "<group>";
		};
		6B978B5A24D17F290073AA20 /* Products */ = {
			isa = PBXGroup;
			children = (
				6B978B5924D17F290073AA20 /* VK Client.app */,
			);
			name = Products;
			sourceTree = "<group>";
		};
		6B978B5B24D17F290073AA20 /* VK Client */ = {
			isa = PBXGroup;
			children = (
				6B515470251A017800E60EB7 /* Application */,
				6BF6CB9B251F1DC400D60DEC /* AuthorizationWeb */,
				6BF6CB97251F1AD300D60DEC /* Loading */,
				6B51548A251A043A00E60EB7 /* Friends */,
				6B515495251A055A00E60EB7 /* Groups */,
				6B37E99624FD377800A371EC /* News */,
				6B68F98C24EFA4D600370BE3 /* SupportingFiles */,
			);
			path = "VK Client";
			sourceTree = "<group>";
		};
		6BA5C6E3251F518F0027D370 /* Controller */ = {
			isa = PBXGroup;
			children = (
				6B0772CE250223AA00BB9B8A /* LoadViewController.swift */,
			);
			path = Controller;
			sourceTree = "<group>";
		};
		6BF6CB97251F1AD300D60DEC /* Loading */ = {
			isa = PBXGroup;
			children = (
				6BA5C6E3251F518F0027D370 /* Controller */,
			);
			path = Loading;
			sourceTree = "<group>";
		};
		6BF6CB9B251F1DC400D60DEC /* AuthorizationWeb */ = {
			isa = PBXGroup;
			children = (
				6BF6CB9C251F1DEB00D60DEC /* AuthorizationWebViewController.swift */,
			);
			path = AuthorizationWeb;
			sourceTree = "<group>";
		};
		F23D7AC81EE619BD125C0019 /* Pods */ = {
			isa = PBXGroup;
			children = (
				2B5F0222DA9186F00BCE7904 /* Pods-VK Client.debug.xcconfig */,
				C340EC527943D8049303574C /* Pods-VK Client.release.xcconfig */,
			);
			path = Pods;
			sourceTree = "<group>";
		};
		F63F22CA705E9366203B9836 /* Frameworks */ = {
			isa = PBXGroup;
			children = (
				74E294EEA6DB79288B182A8E /* Pods_VK_Client.framework */,
			);
			name = Frameworks;
			sourceTree = "<group>";
		};
/* End PBXGroup section */

/* Begin PBXNativeTarget section */
		6B978B5824D17F290073AA20 /* VK Client */ = {
			isa = PBXNativeTarget;
			buildConfigurationList = 6B978B6D24D17F2A0073AA20 /* Build configuration list for PBXNativeTarget "VK Client" */;
			buildPhases = (
				5263B459B4FD05B7BA924BAE /* [CP] Check Pods Manifest.lock */,
				6B978B5524D17F290073AA20 /* Sources */,
				6B978B5624D17F290073AA20 /* Frameworks */,
				6B978B5724D17F290073AA20 /* Resources */,
				90C41DA176474DCD627DAA2F /* [CP] Embed Pods Frameworks */,
			);
			buildRules = (
			);
			dependencies = (
			);
			name = "VK Client";
			productName = "VK Client";
			productReference = 6B978B5924D17F290073AA20 /* VK Client.app */;
			productType = "com.apple.product-type.application";
		};
/* End PBXNativeTarget section */

/* Begin PBXProject section */
		6B978B5124D17F290073AA20 /* Project object */ = {
			isa = PBXProject;
			attributes = {
				LastSwiftUpdateCheck = 1160;
				LastUpgradeCheck = 1200;
				ORGANIZATIONNAME = "Eugene Kiselev";
				TargetAttributes = {
					6B978B5824D17F290073AA20 = {
						CreatedOnToolsVersion = 11.6;
					};
				};
			};
			buildConfigurationList = 6B978B5424D17F290073AA20 /* Build configuration list for PBXProject "VK Client" */;
			compatibilityVersion = "Xcode 9.3";
			developmentRegion = en;
			hasScannedForEncodings = 0;
			knownRegions = (
				en,
				Base,
			);
			mainGroup = 6B978B5024D17F290073AA20;
			productRefGroup = 6B978B5A24D17F290073AA20 /* Products */;
			projectDirPath = "";
			projectRoot = "";
			targets = (
				6B978B5824D17F290073AA20 /* VK Client */,
			);
		};
/* End PBXProject section */

/* Begin PBXResourcesBuildPhase section */
		6B978B5724D17F290073AA20 /* Resources */ = {
			isa = PBXResourcesBuildPhase;
			buildActionMask = 2147483647;
			files = (
				6B978B6924D17F2A0073AA20 /* LaunchScreen.storyboard in Resources */,
				6B8D261C25582D9200010130 /* GoogleService-Info.plist in Resources */,
				6B978B6624D17F2A0073AA20 /* Assets.xcassets in Resources */,
				6B978B6424D17F290073AA20 /* Main.storyboard in Resources */,
			);
			runOnlyForDeploymentPostprocessing = 0;
		};
/* End PBXResourcesBuildPhase section */

/* Begin PBXShellScriptBuildPhase section */
		5263B459B4FD05B7BA924BAE /* [CP] Check Pods Manifest.lock */ = {
			isa = PBXShellScriptBuildPhase;
			buildActionMask = 2147483647;
			files = (
			);
			inputFileListPaths = (
			);
			inputPaths = (
				"${PODS_PODFILE_DIR_PATH}/Podfile.lock",
				"${PODS_ROOT}/Manifest.lock",
			);
			name = "[CP] Check Pods Manifest.lock";
			outputFileListPaths = (
			);
			outputPaths = (
				"$(DERIVED_FILE_DIR)/Pods-VK Client-checkManifestLockResult.txt",
			);
			runOnlyForDeploymentPostprocessing = 0;
			shellPath = /bin/sh;
			shellScript = "diff \"${PODS_PODFILE_DIR_PATH}/Podfile.lock\" \"${PODS_ROOT}/Manifest.lock\" > /dev/null\nif [ $? != 0 ] ; then\n    # print error to STDERR\n    echo \"error: The sandbox is not in sync with the Podfile.lock. Run 'pod install' or update your CocoaPods installation.\" >&2\n    exit 1\nfi\n# This output is used by Xcode 'outputs' to avoid re-running this script phase.\necho \"SUCCESS\" > \"${SCRIPT_OUTPUT_FILE_0}\"\n";
			showEnvVarsInLog = 0;
		};
		90C41DA176474DCD627DAA2F /* [CP] Embed Pods Frameworks */ = {
			isa = PBXShellScriptBuildPhase;
			buildActionMask = 2147483647;
			files = (
			);
			inputFileListPaths = (
				"${PODS_ROOT}/Target Support Files/Pods-VK Client/Pods-VK Client-frameworks-${CONFIGURATION}-input-files.xcfilelist",
			);
			name = "[CP] Embed Pods Frameworks";
			outputFileListPaths = (
				"${PODS_ROOT}/Target Support Files/Pods-VK Client/Pods-VK Client-frameworks-${CONFIGURATION}-output-files.xcfilelist",
			);
			runOnlyForDeploymentPostprocessing = 0;
			shellPath = /bin/sh;
			shellScript = "\"${PODS_ROOT}/Target Support Files/Pods-VK Client/Pods-VK Client-frameworks.sh\"\n";
			showEnvVarsInLog = 0;
		};
/* End PBXShellScriptBuildPhase section */

/* Begin PBXSourcesBuildPhase section */
		6B978B5524D17F290073AA20 /* Sources */ = {
			isa = PBXSourcesBuildPhase;
			buildActionMask = 2147483647;
			files = (
				6B4054CF24D63B2900AAEC22 /* MyFriendsCell.swift in Sources */,
				6BB355152525FC6D00C83F11 /* AvailableGroupsController+UISearchController.swift in Sources */,
				6B6CDC8925255F46006DCDC5 /* Group.swift in Sources */,
				6B0772CF250223AA00BB9B8A /* LoadViewController.swift in Sources */,
				6B56660C255819610022FDF1 /* RealmManager.swift in Sources */,
				6B4054D924D63C0F00AAEC22 /* AvailableGroupsController.swift in Sources */,
				6BF6CBA4251F334100D60DEC /* NetworkConstants.swift in Sources */,
				6B6CDC8725255F46006DCDC5 /* User.swift in Sources */,
				6B5781212506200D005F887C /* ImagesFriendController.swift in Sources */,
				6B37E99824FD379300A371EC /* NewsViewController.swift in Sources */,
				6B6CDC8825255F46006DCDC5 /* Response.swift in Sources */,
				6B6CDC8D25255F5D006DCDC5 /* NetworkManager.swift in Sources */,
				6B14445B25261FE3009D6EC6 /* Sizes.swift in Sources */,
				6B14445825261EBC009D6EC6 /* Photo.swift in Sources */,
				6B4054DB24D63C2300AAEC22 /* AvailableGroupsCell.swift in Sources */,
				6B4054D124D63B6E00AAEC22 /* DetailFriendController.swift in Sources */,
				6B5145ED250F598B00A752A1 /* PopAnimator.swift in Sources */,
				6B4054CD24D63B0E00AAEC22 /* MyFriendsController.swift in Sources */,
				6B56661925581E7A0022FDF1 /* DateFormatterVK.swift in Sources */,
				6B37E98F24FD07AC00A371EC /* MyFriendsController+UISearchController.swift in Sources */,
				6B57811F25061FA4005F887C /* PageViewController.swift in Sources */,
				6B37E99C24FD396600A371EC /* NewsCell.swift in Sources */,
				6B978B5D24D17F290073AA20 /* AppDelegate.swift in Sources */,
				6BDAA80024EFD2EF0013360C /* ShadowView.swift in Sources */,
				6B56661525581B030022FDF1 /* News.swift in Sources */,
				6BF6CB9D251F1DEB00D60DEC /* AuthorizationWebViewController.swift in Sources */,
				6BB1F87424F010B400B19E30 /* LikeControl.swift in Sources */,
				6B6CDC8625255F46006DCDC5 /* Items.swift in Sources */,
				6B5145F3250F5E1C00A752A1 /* CustomInteractiveTransition.swift in Sources */,
				6B56660F255819F30022FDF1 /* FirebaseManager.swift in Sources */,
				6B5154A7251A074F00E60EB7 /* Session.swift in Sources */,
				6B37E99524FD260B00A371EC /* MyGroupsController+UISearchController.swift in Sources */,
				6B5145F1250F59F500A752A1 /* CustomNavigationController.swift in Sources */,
				6B4054D724D63BEE00AAEC22 /* MyGroupsCell.swift in Sources */,
				6B4054D524D63BD900AAEC22 /* MyGroupsController.swift in Sources */,
				6B978B5F24D17F290073AA20 /* SceneDelegate.swift in Sources */,
				6B6445E724EFFEFB007F7505 /* RadiusView.swift in Sources */,
				6B5145EF250F59B500A752A1 /* PushAnimator.swift in Sources */,
				6B4054D324D63B8700AAEC22 /* DetailFriendCell.swift in Sources */,
			);
			runOnlyForDeploymentPostprocessing = 0;
		};
/* End PBXSourcesBuildPhase section */

/* Begin PBXVariantGroup section */
		6B978B6224D17F290073AA20 /* Main.storyboard */ = {
			isa = PBXVariantGroup;
			children = (
				6B978B6324D17F290073AA20 /* Base */,
			);
			name = Main.storyboard;
			sourceTree = "<group>";
		};
		6B978B6724D17F2A0073AA20 /* LaunchScreen.storyboard */ = {
			isa = PBXVariantGroup;
			children = (
				6B978B6824D17F2A0073AA20 /* Base */,
			);
			name = LaunchScreen.storyboard;
			sourceTree = "<group>";
		};
/* End PBXVariantGroup section */

/* Begin XCBuildConfiguration section */
		6B978B6B24D17F2A0073AA20 /* Debug */ = {
			isa = XCBuildConfiguration;
			buildSettings = {
				ALWAYS_SEARCH_USER_PATHS = NO;
				CLANG_ANALYZER_NONNULL = YES;
				CLANG_ANALYZER_NUMBER_OBJECT_CONVERSION = YES_AGGRESSIVE;
				CLANG_CXX_LANGUAGE_STANDARD = "gnu++14";
				CLANG_CXX_LIBRARY = "libc++";
				CLANG_ENABLE_MODULES = YES;
				CLANG_ENABLE_OBJC_ARC = YES;
				CLANG_ENABLE_OBJC_WEAK = YES;
				CLANG_WARN_BLOCK_CAPTURE_AUTORELEASING = YES;
				CLANG_WARN_BOOL_CONVERSION = YES;
				CLANG_WARN_COMMA = YES;
				CLANG_WARN_CONSTANT_CONVERSION = YES;
				CLANG_WARN_DEPRECATED_OBJC_IMPLEMENTATIONS = YES;
				CLANG_WARN_DIRECT_OBJC_ISA_USAGE = YES_ERROR;
				CLANG_WARN_DOCUMENTATION_COMMENTS = YES;
				CLANG_WARN_EMPTY_BODY = YES;
				CLANG_WARN_ENUM_CONVERSION = YES;
				CLANG_WARN_INFINITE_RECURSION = YES;
				CLANG_WARN_INT_CONVERSION = YES;
				CLANG_WARN_NON_LITERAL_NULL_CONVERSION = YES;
				CLANG_WARN_OBJC_IMPLICIT_RETAIN_SELF = YES;
				CLANG_WARN_OBJC_LITERAL_CONVERSION = YES;
				CLANG_WARN_OBJC_ROOT_CLASS = YES_ERROR;
				CLANG_WARN_QUOTED_INCLUDE_IN_FRAMEWORK_HEADER = YES;
				CLANG_WARN_RANGE_LOOP_ANALYSIS = YES;
				CLANG_WARN_STRICT_PROTOTYPES = YES;
				CLANG_WARN_SUSPICIOUS_MOVE = YES;
				CLANG_WARN_UNGUARDED_AVAILABILITY = YES_AGGRESSIVE;
				CLANG_WARN_UNREACHABLE_CODE = YES;
				CLANG_WARN__DUPLICATE_METHOD_MATCH = YES;
				COPY_PHASE_STRIP = NO;
				DEBUG_INFORMATION_FORMAT = dwarf;
				ENABLE_STRICT_OBJC_MSGSEND = YES;
				ENABLE_TESTABILITY = YES;
				GCC_C_LANGUAGE_STANDARD = gnu11;
				GCC_DYNAMIC_NO_PIC = NO;
				GCC_NO_COMMON_BLOCKS = YES;
				GCC_OPTIMIZATION_LEVEL = 0;
				GCC_PREPROCESSOR_DEFINITIONS = (
					"DEBUG=1",
					"$(inherited)",
				);
				GCC_WARN_64_TO_32_BIT_CONVERSION = YES;
				GCC_WARN_ABOUT_RETURN_TYPE = YES_ERROR;
				GCC_WARN_UNDECLARED_SELECTOR = YES;
				GCC_WARN_UNINITIALIZED_AUTOS = YES_AGGRESSIVE;
				GCC_WARN_UNUSED_FUNCTION = YES;
				GCC_WARN_UNUSED_VARIABLE = YES;
				IPHONEOS_DEPLOYMENT_TARGET = 13.6;
				MTL_ENABLE_DEBUG_INFO = INCLUDE_SOURCE;
				MTL_FAST_MATH = YES;
				ONLY_ACTIVE_ARCH = YES;
				SDKROOT = iphoneos;
				SWIFT_ACTIVE_COMPILATION_CONDITIONS = DEBUG;
				SWIFT_OPTIMIZATION_LEVEL = "-Onone";
			};
			name = Debug;
		};
		6B978B6C24D17F2A0073AA20 /* Release */ = {
			isa = XCBuildConfiguration;
			buildSettings = {
				ALWAYS_SEARCH_USER_PATHS = NO;
				CLANG_ANALYZER_NONNULL = YES;
				CLANG_ANALYZER_NUMBER_OBJECT_CONVERSION = YES_AGGRESSIVE;
				CLANG_CXX_LANGUAGE_STANDARD = "gnu++14";
				CLANG_CXX_LIBRARY = "libc++";
				CLANG_ENABLE_MODULES = YES;
				CLANG_ENABLE_OBJC_ARC = YES;
				CLANG_ENABLE_OBJC_WEAK = YES;
				CLANG_WARN_BLOCK_CAPTURE_AUTORELEASING = YES;
				CLANG_WARN_BOOL_CONVERSION = YES;
				CLANG_WARN_COMMA = YES;
				CLANG_WARN_CONSTANT_CONVERSION = YES;
				CLANG_WARN_DEPRECATED_OBJC_IMPLEMENTATIONS = YES;
				CLANG_WARN_DIRECT_OBJC_ISA_USAGE = YES_ERROR;
				CLANG_WARN_DOCUMENTATION_COMMENTS = YES;
				CLANG_WARN_EMPTY_BODY = YES;
				CLANG_WARN_ENUM_CONVERSION = YES;
				CLANG_WARN_INFINITE_RECURSION = YES;
				CLANG_WARN_INT_CONVERSION = YES;
				CLANG_WARN_NON_LITERAL_NULL_CONVERSION = YES;
				CLANG_WARN_OBJC_IMPLICIT_RETAIN_SELF = YES;
				CLANG_WARN_OBJC_LITERAL_CONVERSION = YES;
				CLANG_WARN_OBJC_ROOT_CLASS = YES_ERROR;
				CLANG_WARN_QUOTED_INCLUDE_IN_FRAMEWORK_HEADER = YES;
				CLANG_WARN_RANGE_LOOP_ANALYSIS = YES;
				CLANG_WARN_STRICT_PROTOTYPES = YES;
				CLANG_WARN_SUSPICIOUS_MOVE = YES;
				CLANG_WARN_UNGUARDED_AVAILABILITY = YES_AGGRESSIVE;
				CLANG_WARN_UNREACHABLE_CODE = YES;
				CLANG_WARN__DUPLICATE_METHOD_MATCH = YES;
				COPY_PHASE_STRIP = NO;
				DEBUG_INFORMATION_FORMAT = "dwarf-with-dsym";
				ENABLE_NS_ASSERTIONS = NO;
				ENABLE_STRICT_OBJC_MSGSEND = YES;
				GCC_C_LANGUAGE_STANDARD = gnu11;
				GCC_NO_COMMON_BLOCKS = YES;
				GCC_WARN_64_TO_32_BIT_CONVERSION = YES;
				GCC_WARN_ABOUT_RETURN_TYPE = YES_ERROR;
				GCC_WARN_UNDECLARED_SELECTOR = YES;
				GCC_WARN_UNINITIALIZED_AUTOS = YES_AGGRESSIVE;
				GCC_WARN_UNUSED_FUNCTION = YES;
				GCC_WARN_UNUSED_VARIABLE = YES;
				IPHONEOS_DEPLOYMENT_TARGET = 13.6;
				MTL_ENABLE_DEBUG_INFO = NO;
				MTL_FAST_MATH = YES;
				SDKROOT = iphoneos;
				SWIFT_COMPILATION_MODE = wholemodule;
				SWIFT_OPTIMIZATION_LEVEL = "-O";
				VALIDATE_PRODUCT = YES;
			};
			name = Release;
		};
		6B978B6E24D17F2A0073AA20 /* Debug */ = {
			isa = XCBuildConfiguration;
			baseConfigurationReference = 2B5F0222DA9186F00BCE7904 /* Pods-VK Client.debug.xcconfig */;
			buildSettings = {
				ASSETCATALOG_COMPILER_APPICON_NAME = AppIcon;
				CODE_SIGN_STYLE = Automatic;
				DEVELOPMENT_TEAM = L2PAJC487U;
				INFOPLIST_FILE = "$(SRCROOT)/VK Client/SupportingFiles/Info.plist";
				IPHONEOS_DEPLOYMENT_TARGET = 13.0;
				LD_RUNPATH_SEARCH_PATHS = (
					"$(inherited)",
					"@executable_path/Frameworks",
				);
				PRODUCT_BUNDLE_IDENTIFIER = kiseleff.VKClient;
				PRODUCT_NAME = "$(TARGET_NAME)";
				SWIFT_VERSION = 5.0;
				TARGETED_DEVICE_FAMILY = 1;
			};
			name = Debug;
		};
		6B978B6F24D17F2A0073AA20 /* Release */ = {
			isa = XCBuildConfiguration;
			baseConfigurationReference = C340EC527943D8049303574C /* Pods-VK Client.release.xcconfig */;
			buildSettings = {
				ASSETCATALOG_COMPILER_APPICON_NAME = AppIcon;
				CODE_SIGN_STYLE = Automatic;
				DEVELOPMENT_TEAM = L2PAJC487U;
				INFOPLIST_FILE = "$(SRCROOT)/VK Client/SupportingFiles/Info.plist";
				IPHONEOS_DEPLOYMENT_TARGET = 13.0;
				LD_RUNPATH_SEARCH_PATHS = (
					"$(inherited)",
					"@executable_path/Frameworks",
				);
				PRODUCT_BUNDLE_IDENTIFIER = kiseleff.VKClient;
				PRODUCT_NAME = "$(TARGET_NAME)";
				SWIFT_VERSION = 5.0;
				TARGETED_DEVICE_FAMILY = 1;
			};
			name = Release;
		};
/* End XCBuildConfiguration section */

/* Begin XCConfigurationList section */
		6B978B5424D17F290073AA20 /* Build configuration list for PBXProject "VK Client" */ = {
			isa = XCConfigurationList;
			buildConfigurations = (
				6B978B6B24D17F2A0073AA20 /* Debug */,
				6B978B6C24D17F2A0073AA20 /* Release */,
			);
			defaultConfigurationIsVisible = 0;
			defaultConfigurationName = Release;
		};
		6B978B6D24D17F2A0073AA20 /* Build configuration list for PBXNativeTarget "VK Client" */ = {
			isa = XCConfigurationList;
			buildConfigurations = (
				6B978B6E24D17F2A0073AA20 /* Debug */,
				6B978B6F24D17F2A0073AA20 /* Release */,
			);
			defaultConfigurationIsVisible = 0;
			defaultConfigurationName = Release;
		};
/* End XCConfigurationList section */
	};
	rootObject = 6B978B5124D17F290073AA20 /* Project object */;
}
